
Microsoft Visual Studio Solution File, Format Version 12.00
# Visual Studio Version 16
VisualStudioVersion = 16.0.32630.194
MinimumVisualStudioVersion = 10.0.40219.1
Project("{FAE04EC0-301F-11D3-BF4B-00C04F79EFBC}") = "FibonacciAverageCalculation", "FibonacciAverageCalculation.csproj", "{3AFD1837-D241-4944-AABD-7EDD4C0F25C1}"
EndProject
Global
	GlobalSection(SolutionConfigurationPlatforms) = preSolution
		Debug|Any CPU = Debug|Any CPU
		Release|Any CPU = Release|Any CPU
	EndGlobalSection
	GlobalSection(ProjectConfigurationPlatforms) = postSolution
		{3AFD1837-D241-4944-AABD-7EDD4C0F25C1}.Debug|Any CPU.ActiveCfg = Debug|Any CPU
		{3AFD1837-D241-4944-AABD-7EDD4C0F25C1}.Debug|Any CPU.Build.0 = Debug|Any CPU
		{3AFD1837-D241-4944-AABD-7EDD4C0F25C1}.Release|Any CPU.ActiveCfg = Release|Any CPU
		{3AFD1837-D241-4944-AABD-7EDD4C0F25C1}.Release|Any CPU.Build.0 = Release|Any CPU
	EndGlobalSection
	GlobalSection(SolutionProperties) = preSolution
		HideSolutionNode = FALSE
	EndGlobalSection
	GlobalSection(ExtensibilityGlobals) = postSolution
		SolutionGuid = {2AED4E10-F4B3-4262-8557-04A353BFCA29}
	EndGlobalSection
EndGlobal
