
Microsoft Visual Studio Solution File, Format Version 12.00
# Visual Studio Version 16
VisualStudioVersion = 16.0.32630.194
MinimumVisualStudioVersion = 10.0.40219.1
Project("{FAE04EC0-301F-11D3-BF4B-00C04F79EFBC}") = "StringAndInt", "StringAndInt.csproj", "{828E83AB-F90F-41F6-BF40-8EAB4DB5BE1D}"
EndProject
Global
	GlobalSection(SolutionConfigurationPlatforms) = preSolution
		Debug|Any CPU = Debug|Any CPU
		Release|Any CPU = Release|Any CPU
	EndGlobalSection
	GlobalSection(ProjectConfigurationPlatforms) = postSolution
		{828E83AB-F90F-41F6-BF40-8EAB4DB5BE1D}.Debug|Any CPU.ActiveCfg = Debug|Any CPU
		{828E83AB-F90F-41F6-BF40-8EAB4DB5BE1D}.Debug|Any CPU.Build.0 = Debug|Any CPU
		{828E83AB-F90F-41F6-BF40-8EAB4DB5BE1D}.Release|Any CPU.ActiveCfg = Release|Any CPU
		{828E83AB-F90F-41F6-BF40-8EAB4DB5BE1D}.Release|Any CPU.Build.0 = Release|Any CPU
	EndGlobalSection
	GlobalSection(SolutionProperties) = preSolution
		HideSolutionNode = FALSE
	EndGlobalSection
	GlobalSection(ExtensibilityGlobals) = postSolution
		SolutionGuid = {1FBB0170-DD28-471A-8476-56513EC68A90}
	EndGlobalSection
EndGlobal
