
Microsoft Visual Studio Solution File, Format Version 12.00
# Visual Studio Version 16
VisualStudioVersion = 16.0.32630.194
MinimumVisualStudioVersion = 10.0.40219.1
Project("{FAE04EC0-301F-11D3-BF4B-00C04F79EFBC}") = "TriangleDrawing", "TriangleDrawing.csproj", "{B61ADC44-A46D-4FD9-897A-BE30AD83DBD0}"
EndProject
Global
	GlobalSection(SolutionConfigurationPlatforms) = preSolution
		Debug|Any CPU = Debug|Any CPU
		Release|Any CPU = Release|Any CPU
	EndGlobalSection
	GlobalSection(ProjectConfigurationPlatforms) = postSolution
		{B61ADC44-A46D-4FD9-897A-BE30AD83DBD0}.Debug|Any CPU.ActiveCfg = Debug|Any CPU
		{B61ADC44-A46D-4FD9-897A-BE30AD83DBD0}.Debug|Any CPU.Build.0 = Debug|Any CPU
		{B61ADC44-A46D-4FD9-897A-BE30AD83DBD0}.Release|Any CPU.ActiveCfg = Release|Any CPU
		{B61ADC44-A46D-4FD9-897A-BE30AD83DBD0}.Release|Any CPU.Build.0 = Release|Any CPU
	EndGlobalSection
	GlobalSection(SolutionProperties) = preSolution
		HideSolutionNode = FALSE
	EndGlobalSection
	GlobalSection(ExtensibilityGlobals) = postSolution
		SolutionGuid = {CF97F571-FFAE-460B-95FC-815F35C44B7B}
	EndGlobalSection
EndGlobal
